
Microsoft Visual Studio Solution File, Format Version 12.00
Project("{FAE04EC0-301F-11D3-BF4B-00C04F79EFBC}") = "TodoAppBlazor", "TodoAppBlazor\TodoAppBlazor.csproj", "{29EC0547-8E14-4A7E-B4A8-D9665B6EF4B4}"
EndProject
Project("{FAE04EC0-301F-11D3-BF4B-00C04F79EFBC}") = "TodoAppBlazor.Server", "TodoAppBlazor.Server\TodoAppBlazor.Server.csproj", "{C0AE006A-4C0C-423E-8EDC-A0C9038605DC}"
EndProject
Global
	GlobalSection(SolutionConfigurationPlatforms) = preSolution
		Debug|Any CPU = Debug|Any CPU
		Release|Any CPU = Release|Any CPU
	EndGlobalSection
	GlobalSection(ProjectConfigurationPlatforms) = postSolution
		{29EC0547-8E14-4A7E-B4A8-D9665B6EF4B4}.Debug|Any CPU.ActiveCfg = Debug|Any CPU
		{29EC0547-8E14-4A7E-B4A8-D9665B6EF4B4}.Debug|Any CPU.Build.0 = Debug|Any CPU
		{29EC0547-8E14-4A7E-B4A8-D9665B6EF4B4}.Release|Any CPU.ActiveCfg = Release|Any CPU
		{29EC0547-8E14-4A7E-B4A8-D9665B6EF4B4}.Release|Any CPU.Build.0 = Release|Any CPU
		{C0AE006A-4C0C-423E-8EDC-A0C9038605DC}.Debug|Any CPU.ActiveCfg = Debug|Any CPU
		{C0AE006A-4C0C-423E-8EDC-A0C9038605DC}.Debug|Any CPU.Build.0 = Debug|Any CPU
		{C0AE006A-4C0C-423E-8EDC-A0C9038605DC}.Release|Any CPU.ActiveCfg = Release|Any CPU
		{C0AE006A-4C0C-423E-8EDC-A0C9038605DC}.Release|Any CPU.Build.0 = Release|Any CPU
	EndGlobalSection
EndGlobal
